
Microsoft Visual Studio Solution File, Format Version 12.00
# Visual Studio 15
VisualStudioVersion = 15.0.28307.1525
MinimumVisualStudioVersion = 10.0.40219.1
Project("{159641D6-6404-4A2A-AE62-294DE0FE8301}") = "Load_Dimension_Customers", "Load_Dimension_Customers\Load_Dimension_Customers.dtproj", "{9D5BD663-1BEC-410E-82A9-C8A5BD20BC43}"
EndProject
Global
	GlobalSection(SolutionConfigurationPlatforms) = preSolution
		Development|Default = Development|Default
	EndGlobalSection
	GlobalSection(ProjectConfigurationPlatforms) = postSolution
		{9D5BD663-1BEC-410E-82A9-C8A5BD20BC43}.Development|Default.ActiveCfg = Development
		{9D5BD663-1BEC-410E-82A9-C8A5BD20BC43}.Development|Default.Build.0 = Development
	EndGlobalSection
	GlobalSection(SolutionProperties) = preSolution
		HideSolutionNode = FALSE
	EndGlobalSection
	GlobalSection(ExtensibilityGlobals) = postSolution
		SolutionGuid = {526F6692-BAB8-48A3-9594-F8457A881DC8}
	EndGlobalSection
EndGlobal
